// !$*UTF8*$!
{
	archiveVersion = 1;
	classes = {
	};
	objectVersion = 50;
	objects = {

/* Begin PBXBuildFile section */
		922DE220227497A000020AA5 /* CustomTabBarController.swift in Sources */ = {isa = PBXBuildFile; fileRef = 922DE21F227497A000020AA5 /* CustomTabBarController.swift */; };
		922DE2222274995400020AA5 /* EpisodeViewController.swift in Sources */ = {isa = PBXBuildFile; fileRef = 922DE2212274995400020AA5 /* EpisodeViewController.swift */; };
		922DE22522749ED200020AA5 /* CharacterTableViewCell.swift in Sources */ = {isa = PBXBuildFile; fileRef = 922DE22422749ED200020AA5 /* CharacterTableViewCell.swift */; };
		922DE2292274A46900020AA5 /* BaseCollectionViewController.swift in Sources */ = {isa = PBXBuildFile; fileRef = 922DE2282274A46900020AA5 /* BaseCollectionViewController.swift */; };
		922DE22B2274A6C500020AA5 /* HousesCollectionViewCell.swift in Sources */ = {isa = PBXBuildFile; fileRef = 922DE22A2274A6C500020AA5 /* HousesCollectionViewCell.swift */; };
		922DE22E2274B70500020AA5 /* UIView+Layout.swift in Sources */ = {isa = PBXBuildFile; fileRef = 922DE22D2274B70500020AA5 /* UIView+Layout.swift */; };
		922DE2362274BC5300020AA5 /* Assets.xcassets in Resources */ = {isa = PBXBuildFile; fileRef = 922DE2352274BC5300020AA5 /* Assets.xcassets */; };
		922DE2382274C04700020AA5 /* Service.swift in Sources */ = {isa = PBXBuildFile; fileRef = 922DE2372274C04700020AA5 /* Service.swift */; };
		922DE23B2274D86700020AA5 /* Characters.swift in Sources */ = {isa = PBXBuildFile; fileRef = 922DE23A2274D86700020AA5 /* Characters.swift */; };
		92682B332277EAE0006263D2 /* RickAndMortyAPIClient.swift in Sources */ = {isa = PBXBuildFile; fileRef = 92682B322277EAE0006263D2 /* RickAndMortyAPIClient.swift */; };
		92682B352277EF1C006263D2 /* APIRickAndMortyDelegate.swift in Sources */ = {isa = PBXBuildFile; fileRef = 92682B342277EF1C006263D2 /* APIRickAndMortyDelegate.swift */; };
		92682B372277EF91006263D2 /* Info.swift in Sources */ = {isa = PBXBuildFile; fileRef = 92682B362277EF91006263D2 /* Info.swift */; };
		92682B392277EFE9006263D2 /* Episode.swift in Sources */ = {isa = PBXBuildFile; fileRef = 92682B382277EFE9006263D2 /* Episode.swift */; };
		9297CC262275CB4B00F69496 /* CharacterViewModel.swift in Sources */ = {isa = PBXBuildFile; fileRef = 9297CC252275CB4B00F69496 /* CharacterViewModel.swift */; };
		DA72941A22739C2B00D74669 /* AppDelegate.swift in Sources */ = {isa = PBXBuildFile; fileRef = DA72941922739C2B00D74669 /* AppDelegate.swift */; };
		DA72941C22739C2B00D74669 /* CharacterViewController.swift in Sources */ = {isa = PBXBuildFile; fileRef = DA72941B22739C2B00D74669 /* CharacterViewController.swift */; };
		DA72942422739C2D00D74669 /* LaunchScreen.storyboard in Resources */ = {isa = PBXBuildFile; fileRef = DA72942222739C2D00D74669 /* LaunchScreen.storyboard */; };
		DA72942F22739C2D00D74669 /* MVVMStudyTests.swift in Sources */ = {isa = PBXBuildFile; fileRef = DA72942E22739C2D00D74669 /* MVVMStudyTests.swift */; };
/* End PBXBuildFile section */

/* Begin PBXContainerItemProxy section */
		DA72942B22739C2D00D74669 /* PBXContainerItemProxy */ = {
			isa = PBXContainerItemProxy;
			containerPortal = DA72940E22739C2B00D74669 /* Project object */;
			proxyType = 1;
			remoteGlobalIDString = DA72941522739C2B00D74669;
			remoteInfo = MVVMStudy;
		};
/* End PBXContainerItemProxy section */

/* Begin PBXFileReference section */
		922DE21F227497A000020AA5 /* CustomTabBarController.swift */ = {isa = PBXFileReference; lastKnownFileType = sourcecode.swift; path = CustomTabBarController.swift; sourceTree = "<group>"; };
		922DE2212274995400020AA5 /* EpisodeViewController.swift */ = {isa = PBXFileReference; lastKnownFileType = sourcecode.swift; path = EpisodeViewController.swift; sourceTree = "<group>"; };
		922DE22422749ED200020AA5 /* CharacterTableViewCell.swift */ = {isa = PBXFileReference; lastKnownFileType = sourcecode.swift; path = CharacterTableViewCell.swift; sourceTree = "<group>"; };
		922DE2282274A46900020AA5 /* BaseCollectionViewController.swift */ = {isa = PBXFileReference; lastKnownFileType = sourcecode.swift; path = BaseCollectionViewController.swift; sourceTree = "<group>"; };
		922DE22A2274A6C500020AA5 /* HousesCollectionViewCell.swift */ = {isa = PBXFileReference; lastKnownFileType = sourcecode.swift; path = HousesCollectionViewCell.swift; sourceTree = "<group>"; };
		922DE22D2274B70500020AA5 /* UIView+Layout.swift */ = {isa = PBXFileReference; lastKnownFileType = sourcecode.swift; path = "UIView+Layout.swift"; sourceTree = "<group>"; };
		922DE2352274BC5300020AA5 /* Assets.xcassets */ = {isa = PBXFileReference; lastKnownFileType = folder.assetcatalog; name = Assets.xcassets; path = "../../../Downloads/MVVMStudy-master/MVVMStudy/Assets.xcassets"; sourceTree = "<group>"; };
		922DE2372274C04700020AA5 /* Service.swift */ = {isa = PBXFileReference; lastKnownFileType = sourcecode.swift; path = Service.swift; sourceTree = "<group>"; };
		922DE23A2274D86700020AA5 /* Characters.swift */ = {isa = PBXFileReference; lastKnownFileType = sourcecode.swift; path = Characters.swift; sourceTree = "<group>"; };
		92682B322277EAE0006263D2 /* RickAndMortyAPIClient.swift */ = {isa = PBXFileReference; lastKnownFileType = sourcecode.swift; path = RickAndMortyAPIClient.swift; sourceTree = "<group>"; };
		92682B342277EF1C006263D2 /* APIRickAndMortyDelegate.swift */ = {isa = PBXFileReference; lastKnownFileType = sourcecode.swift; path = APIRickAndMortyDelegate.swift; sourceTree = "<group>"; };
		92682B362277EF91006263D2 /* Info.swift */ = {isa = PBXFileReference; lastKnownFileType = sourcecode.swift; path = Info.swift; sourceTree = "<group>"; };
		92682B382277EFE9006263D2 /* Episode.swift */ = {isa = PBXFileReference; lastKnownFileType = sourcecode.swift; path = Episode.swift; sourceTree = "<group>"; };
		9297CC252275CB4B00F69496 /* CharacterViewModel.swift */ = {isa = PBXFileReference; lastKnownFileType = sourcecode.swift; path = CharacterViewModel.swift; sourceTree = "<group>"; };
		DA72941622739C2B00D74669 /* MVVMStudy.app */ = {isa = PBXFileReference; explicitFileType = wrapper.application; includeInIndex = 0; path = MVVMStudy.app; sourceTree = BUILT_PRODUCTS_DIR; };
		DA72941922739C2B00D74669 /* AppDelegate.swift */ = {isa = PBXFileReference; lastKnownFileType = sourcecode.swift; path = AppDelegate.swift; sourceTree = "<group>"; };
		DA72941B22739C2B00D74669 /* CharacterViewController.swift */ = {isa = PBXFileReference; lastKnownFileType = sourcecode.swift; path = CharacterViewController.swift; sourceTree = "<group>"; };
		DA72942322739C2D00D74669 /* Base */ = {isa = PBXFileReference; lastKnownFileType = file.storyboard; name = Base; path = Base.lproj/LaunchScreen.storyboard; sourceTree = "<group>"; };
		DA72942522739C2D00D74669 /* Info.plist */ = {isa = PBXFileReference; lastKnownFileType = text.plist.xml; path = Info.plist; sourceTree = "<group>"; };
		DA72942A22739C2D00D74669 /* MVVMStudyTests.xctest */ = {isa = PBXFileReference; explicitFileType = wrapper.cfbundle; includeInIndex = 0; path = MVVMStudyTests.xctest; sourceTree = BUILT_PRODUCTS_DIR; };
		DA72942E22739C2D00D74669 /* MVVMStudyTests.swift */ = {isa = PBXFileReference; lastKnownFileType = sourcecode.swift; path = MVVMStudyTests.swift; sourceTree = "<group>"; };
		DA72943022739C2D00D74669 /* Info.plist */ = {isa = PBXFileReference; lastKnownFileType = text.plist.xml; path = Info.plist; sourceTree = "<group>"; };
/* End PBXFileReference section */

/* Begin PBXFrameworksBuildPhase section */
		DA72941322739C2B00D74669 /* Frameworks */ = {
			isa = PBXFrameworksBuildPhase;
			buildActionMask = 2147483647;
			files = (
			);
			runOnlyForDeploymentPostprocessing = 0;
		};
		DA72942722739C2D00D74669 /* Frameworks */ = {
			isa = PBXFrameworksBuildPhase;
			buildActionMask = 2147483647;
			files = (
			);
			runOnlyForDeploymentPostprocessing = 0;
		};
/* End PBXFrameworksBuildPhase section */

/* Begin PBXGroup section */
		922DE21B2274976300020AA5 /* ViewModel */ = {
			isa = PBXGroup;
			children = (
				9297CC252275CB4B00F69496 /* CharacterViewModel.swift */,
			);
			path = ViewModel;
			sourceTree = "<group>";
		};
		922DE21C2274976C00020AA5 /* View */ = {
			isa = PBXGroup;
			children = (
				922DE22422749ED200020AA5 /* CharacterTableViewCell.swift */,
				922DE22A2274A6C500020AA5 /* HousesCollectionViewCell.swift */,
			);
			path = View;
			sourceTree = "<group>";
		};
		922DE21D2274977000020AA5 /* ViewController */ = {
			isa = PBXGroup;
			children = (
				DA72941B22739C2B00D74669 /* CharacterViewController.swift */,
				922DE2212274995400020AA5 /* EpisodeViewController.swift */,
				922DE21F227497A000020AA5 /* CustomTabBarController.swift */,
				922DE2282274A46900020AA5 /* BaseCollectionViewController.swift */,
			);
			path = ViewController;
			sourceTree = "<group>";
		};
		922DE21E2274977F00020AA5 /* Model */ = {
			isa = PBXGroup;
			children = (
				922DE23A2274D86700020AA5 /* Characters.swift */,
				92682B362277EF91006263D2 /* Info.swift */,
				92682B382277EFE9006263D2 /* Episode.swift */,
			);
			path = Model;
			sourceTree = "<group>";
		};
		922DE22322749A0800020AA5 /* Service */ = {
			isa = PBXGroup;
			children = (
				922DE2372274C04700020AA5 /* Service.swift */,
				92682B322277EAE0006263D2 /* RickAndMortyAPIClient.swift */,
				92682B342277EF1C006263D2 /* APIRickAndMortyDelegate.swift */,
			);
			path = Service;
			sourceTree = "<group>";
		};
		922DE22C2274B6E700020AA5 /* Extensions */ = {
			isa = PBXGroup;
			children = (
				922DE22D2274B70500020AA5 /* UIView+Layout.swift */,
			);
			path = Extensions;
			sourceTree = "<group>";
		};
		9297CC272275DB4100F69496 /* Settings */ = {
			isa = PBXGroup;
			children = (
				DA72941922739C2B00D74669 /* AppDelegate.swift */,
				DA72942222739C2D00D74669 /* LaunchScreen.storyboard */,
			);
			path = Settings;
			sourceTree = "<group>";
		};
		DA72940D22739C2B00D74669 = {
			isa = PBXGroup;
			children = (
				DA72941822739C2B00D74669 /* MVVMStudy */,
				DA72942D22739C2D00D74669 /* MVVMStudyTests */,
				DA72941722739C2B00D74669 /* Products */,
			);
			sourceTree = "<group>";
		};
		DA72941722739C2B00D74669 /* Products */ = {
			isa = PBXGroup;
			children = (
				DA72941622739C2B00D74669 /* MVVMStudy.app */,
				DA72942A22739C2D00D74669 /* MVVMStudyTests.xctest */,
			);
			name = Products;
			sourceTree = "<group>";
		};
		DA72941822739C2B00D74669 /* MVVMStudy */ = {
			isa = PBXGroup;
			children = (
				DA72942522739C2D00D74669 /* Info.plist */,
				922DE2352274BC5300020AA5 /* Assets.xcassets */,
				922DE21E2274977F00020AA5 /* Model */,
				922DE21B2274976300020AA5 /* ViewModel */,
				922DE21D2274977000020AA5 /* ViewController */,
				922DE21C2274976C00020AA5 /* View */,
				922DE22C2274B6E700020AA5 /* Extensions */,
				922DE22322749A0800020AA5 /* Service */,
				9297CC272275DB4100F69496 /* Settings */,
			);
			path = MVVMStudy;
			sourceTree = "<group>";
		};
		DA72942D22739C2D00D74669 /* MVVMStudyTests */ = {
			isa = PBXGroup;
			children = (
				DA72942E22739C2D00D74669 /* MVVMStudyTests.swift */,
				DA72943022739C2D00D74669 /* Info.plist */,
			);
			path = MVVMStudyTests;
			sourceTree = "<group>";
		};
/* End PBXGroup section */

/* Begin PBXNativeTarget section */
		DA72941522739C2B00D74669 /* MVVMStudy */ = {
			isa = PBXNativeTarget;
			buildConfigurationList = DA72943322739C2D00D74669 /* Build configuration list for PBXNativeTarget "MVVMStudy" */;
			buildPhases = (
				DA72941222739C2B00D74669 /* Sources */,
				DA72941322739C2B00D74669 /* Frameworks */,
				DA72941422739C2B00D74669 /* Resources */,
				925469CB22767BD1008848EF /* SwiftLint */,
			);
			buildRules = (
			);
			dependencies = (
			);
			name = MVVMStudy;
			productName = MVVMStudy;
			productReference = DA72941622739C2B00D74669 /* MVVMStudy.app */;
			productType = "com.apple.product-type.application";
		};
		DA72942922739C2D00D74669 /* MVVMStudyTests */ = {
			isa = PBXNativeTarget;
			buildConfigurationList = DA72943622739C2D00D74669 /* Build configuration list for PBXNativeTarget "MVVMStudyTests" */;
			buildPhases = (
				DA72942622739C2D00D74669 /* Sources */,
				DA72942722739C2D00D74669 /* Frameworks */,
				DA72942822739C2D00D74669 /* Resources */,
			);
			buildRules = (
			);
			dependencies = (
				DA72942C22739C2D00D74669 /* PBXTargetDependency */,
			);
			name = MVVMStudyTests;
			productName = MVVMStudyTests;
			productReference = DA72942A22739C2D00D74669 /* MVVMStudyTests.xctest */;
			productType = "com.apple.product-type.bundle.unit-test";
		};
/* End PBXNativeTarget section */

/* Begin PBXProject section */
		DA72940E22739C2B00D74669 /* Project object */ = {
			isa = PBXProject;
			attributes = {
				LastSwiftUpdateCheck = 1020;
				LastUpgradeCheck = 1020;
				ORGANIZATIONNAME = academy.IFCE;
				TargetAttributes = {
					DA72941522739C2B00D74669 = {
						CreatedOnToolsVersion = 10.2.1;
					};
					DA72942922739C2D00D74669 = {
						CreatedOnToolsVersion = 10.2.1;
						TestTargetID = DA72941522739C2B00D74669;
					};
				};
			};
			buildConfigurationList = DA72941122739C2B00D74669 /* Build configuration list for PBXProject "MVVMStudy" */;
			compatibilityVersion = "Xcode 9.3";
			developmentRegion = en;
			hasScannedForEncodings = 0;
			knownRegions = (
				en,
				Base,
			);
			mainGroup = DA72940D22739C2B00D74669;
			productRefGroup = DA72941722739C2B00D74669 /* Products */;
			projectDirPath = "";
			projectRoot = "";
			targets = (
				DA72941522739C2B00D74669 /* MVVMStudy */,
				DA72942922739C2D00D74669 /* MVVMStudyTests */,
			);
		};
/* End PBXProject section */

/* Begin PBXResourcesBuildPhase section */
		DA72941422739C2B00D74669 /* Resources */ = {
			isa = PBXResourcesBuildPhase;
			buildActionMask = 2147483647;
			files = (
				922DE2362274BC5300020AA5 /* Assets.xcassets in Resources */,
				DA72942422739C2D00D74669 /* LaunchScreen.storyboard in Resources */,
			);
			runOnlyForDeploymentPostprocessing = 0;
		};
		DA72942822739C2D00D74669 /* Resources */ = {
			isa = PBXResourcesBuildPhase;
			buildActionMask = 2147483647;
			files = (
			);
			runOnlyForDeploymentPostprocessing = 0;
		};
/* End PBXResourcesBuildPhase section */

/* Begin PBXShellScriptBuildPhase section */
		925469CB22767BD1008848EF /* SwiftLint */ = {
			isa = PBXShellScriptBuildPhase;
			buildActionMask = 12;
			files = (
			);
			inputFileListPaths = (
			);
			inputPaths = (
			);
			name = SwiftLint;
			outputFileListPaths = (
			);
			outputPaths = (
			);
			runOnlyForDeploymentPostprocessing = 0;
			shellPath = /bin/sh;
			shellScript = "if which swiftlint >/dev/null; then\nswiftlint\nelse\necho \"warning: SwiftLint not installed, download from https://github.com/realm/SwiftLint\"\nfi\n";
		};
/* End PBXShellScriptBuildPhase section */

/* Begin PBXSourcesBuildPhase section */
		DA72941222739C2B00D74669 /* Sources */ = {
			isa = PBXSourcesBuildPhase;
			buildActionMask = 2147483647;
			files = (
				922DE22E2274B70500020AA5 /* UIView+Layout.swift in Sources */,
				DA72941C22739C2B00D74669 /* CharacterViewController.swift in Sources */,
				92682B332277EAE0006263D2 /* RickAndMortyAPIClient.swift in Sources */,
				922DE22B2274A6C500020AA5 /* HousesCollectionViewCell.swift in Sources */,
				DA72941A22739C2B00D74669 /* AppDelegate.swift in Sources */,
				922DE22522749ED200020AA5 /* CharacterTableViewCell.swift in Sources */,
				922DE2382274C04700020AA5 /* Service.swift in Sources */,
				9297CC262275CB4B00F69496 /* CharacterViewModel.swift in Sources */,
				922DE2292274A46900020AA5 /* BaseCollectionViewController.swift in Sources */,
				92682B352277EF1C006263D2 /* APIRickAndMortyDelegate.swift in Sources */,
				922DE220227497A000020AA5 /* CustomTabBarController.swift in Sources */,
				922DE2222274995400020AA5 /* EpisodeViewController.swift in Sources */,
				922DE23B2274D86700020AA5 /* Characters.swift in Sources */,
				92682B392277EFE9006263D2 /* Episode.swift in Sources */,
				92682B372277EF91006263D2 /* Info.swift in Sources */,
			);
			runOnlyForDeploymentPostprocessing = 0;
		};
		DA72942622739C2D00D74669 /* Sources */ = {
			isa = PBXSourcesBuildPhase;
			buildActionMask = 2147483647;
			files = (
				DA72942F22739C2D00D74669 /* MVVMStudyTests.swift in Sources */,
			);
			runOnlyForDeploymentPostprocessing = 0;
		};
/* End PBXSourcesBuildPhase section */

/* Begin PBXTargetDependency section */
		DA72942C22739C2D00D74669 /* PBXTargetDependency */ = {
			isa = PBXTargetDependency;
			target = DA72941522739C2B00D74669 /* MVVMStudy */;
			targetProxy = DA72942B22739C2D00D74669 /* PBXContainerItemProxy */;
		};
/* End PBXTargetDependency section */

/* Begin PBXVariantGroup section */
		DA72942222739C2D00D74669 /* LaunchScreen.storyboard */ = {
			isa = PBXVariantGroup;
			children = (
				DA72942322739C2D00D74669 /* Base */,
			);
			name = LaunchScreen.storyboard;
			sourceTree = "<group>";
		};
/* End PBXVariantGroup section */

/* Begin XCBuildConfiguration section */
		DA72943122739C2D00D74669 /* Debug */ = {
			isa = XCBuildConfiguration;
			buildSettings = {
				ALWAYS_SEARCH_USER_PATHS = NO;
				CLANG_ANALYZER_NONNULL = YES;
				CLANG_ANALYZER_NUMBER_OBJECT_CONVERSION = YES_AGGRESSIVE;
				CLANG_CXX_LANGUAGE_STANDARD = "gnu++14";
				CLANG_CXX_LIBRARY = "libc++";
				CLANG_ENABLE_MODULES = YES;
				CLANG_ENABLE_OBJC_ARC = YES;
				CLANG_ENABLE_OBJC_WEAK = YES;
				CLANG_WARN_BLOCK_CAPTURE_AUTORELEASING = YES;
				CLANG_WARN_BOOL_CONVERSION = YES;
				CLANG_WARN_COMMA = YES;
				CLANG_WARN_CONSTANT_CONVERSION = YES;
				CLANG_WARN_DEPRECATED_OBJC_IMPLEMENTATIONS = YES;
				CLANG_WARN_DIRECT_OBJC_ISA_USAGE = YES_ERROR;
				CLANG_WARN_DOCUMENTATION_COMMENTS = YES;
				CLANG_WARN_EMPTY_BODY = YES;
				CLANG_WARN_ENUM_CONVERSION = YES;
				CLANG_WARN_INFINITE_RECURSION = YES;
				CLANG_WARN_INT_CONVERSION = YES;
				CLANG_WARN_NON_LITERAL_NULL_CONVERSION = YES;
				CLANG_WARN_OBJC_IMPLICIT_RETAIN_SELF = YES;
				CLANG_WARN_OBJC_LITERAL_CONVERSION = YES;
				CLANG_WARN_OBJC_ROOT_CLASS = YES_ERROR;
				CLANG_WARN_RANGE_LOOP_ANALYSIS = YES;
				CLANG_WARN_STRICT_PROTOTYPES = YES;
				CLANG_WARN_SUSPICIOUS_MOVE = YES;
				CLANG_WARN_UNGUARDED_AVAILABILITY = YES_AGGRESSIVE;
				CLANG_WARN_UNREACHABLE_CODE = YES;
				CLANG_WARN__DUPLICATE_METHOD_MATCH = YES;
				CODE_SIGN_IDENTITY = "iPhone Developer";
				COPY_PHASE_STRIP = NO;
				DEBUG_INFORMATION_FORMAT = dwarf;
				ENABLE_STRICT_OBJC_MSGSEND = YES;
				ENABLE_TESTABILITY = YES;
				GCC_C_LANGUAGE_STANDARD = gnu11;
				GCC_DYNAMIC_NO_PIC = NO;
				GCC_NO_COMMON_BLOCKS = YES;
				GCC_OPTIMIZATION_LEVEL = 0;
				GCC_PREPROCESSOR_DEFINITIONS = (
					"DEBUG=1",
					"$(inherited)",
				);
				GCC_WARN_64_TO_32_BIT_CONVERSION = YES;
				GCC_WARN_ABOUT_RETURN_TYPE = YES_ERROR;
				GCC_WARN_UNDECLARED_SELECTOR = YES;
				GCC_WARN_UNINITIALIZED_AUTOS = YES_AGGRESSIVE;
				GCC_WARN_UNUSED_FUNCTION = YES;
				GCC_WARN_UNUSED_VARIABLE = YES;
				IPHONEOS_DEPLOYMENT_TARGET = 12.2;
				MTL_ENABLE_DEBUG_INFO = INCLUDE_SOURCE;
				MTL_FAST_MATH = YES;
				ONLY_ACTIVE_ARCH = YES;
				SDKROOT = iphoneos;
				SWIFT_ACTIVE_COMPILATION_CONDITIONS = DEBUG;
				SWIFT_OPTIMIZATION_LEVEL = "-Onone";
			};
			name = Debug;
		};
		DA72943222739C2D00D74669 /* Release */ = {
			isa = XCBuildConfiguration;
			buildSettings = {
				ALWAYS_SEARCH_USER_PATHS = NO;
				CLANG_ANALYZER_NONNULL = YES;
				CLANG_ANALYZER_NUMBER_OBJECT_CONVERSION = YES_AGGRESSIVE;
				CLANG_CXX_LANGUAGE_STANDARD = "gnu++14";
				CLANG_CXX_LIBRARY = "libc++";
				CLANG_ENABLE_MODULES = YES;
				CLANG_ENABLE_OBJC_ARC = YES;
				CLANG_ENABLE_OBJC_WEAK = YES;
				CLANG_WARN_BLOCK_CAPTURE_AUTORELEASING = YES;
				CLANG_WARN_BOOL_CONVERSION = YES;
				CLANG_WARN_COMMA = YES;
				CLANG_WARN_CONSTANT_CONVERSION = YES;
				CLANG_WARN_DEPRECATED_OBJC_IMPLEMENTATIONS = YES;
				CLANG_WARN_DIRECT_OBJC_ISA_USAGE = YES_ERROR;
				CLANG_WARN_DOCUMENTATION_COMMENTS = YES;
				CLANG_WARN_EMPTY_BODY = YES;
				CLANG_WARN_ENUM_CONVERSION = YES;
				CLANG_WARN_INFINITE_RECURSION = YES;
				CLANG_WARN_INT_CONVERSION = YES;
				CLANG_WARN_NON_LITERAL_NULL_CONVERSION = YES;
				CLANG_WARN_OBJC_IMPLICIT_RETAIN_SELF = YES;
				CLANG_WARN_OBJC_LITERAL_CONVERSION = YES;
				CLANG_WARN_OBJC_ROOT_CLASS = YES_ERROR;
				CLANG_WARN_RANGE_LOOP_ANALYSIS = YES;
				CLANG_WARN_STRICT_PROTOTYPES = YES;
				CLANG_WARN_SUSPICIOUS_MOVE = YES;
				CLANG_WARN_UNGUARDED_AVAILABILITY = YES_AGGRESSIVE;
				CLANG_WARN_UNREACHABLE_CODE = YES;
				CLANG_WARN__DUPLICATE_METHOD_MATCH = YES;
				CODE_SIGN_IDENTITY = "iPhone Developer";
				COPY_PHASE_STRIP = NO;
				DEBUG_INFORMATION_FORMAT = "dwarf-with-dsym";
				ENABLE_NS_ASSERTIONS = NO;
				ENABLE_STRICT_OBJC_MSGSEND = YES;
				GCC_C_LANGUAGE_STANDARD = gnu11;
				GCC_NO_COMMON_BLOCKS = YES;
				GCC_WARN_64_TO_32_BIT_CONVERSION = YES;
				GCC_WARN_ABOUT_RETURN_TYPE = YES_ERROR;
				GCC_WARN_UNDECLARED_SELECTOR = YES;
				GCC_WARN_UNINITIALIZED_AUTOS = YES_AGGRESSIVE;
				GCC_WARN_UNUSED_FUNCTION = YES;
				GCC_WARN_UNUSED_VARIABLE = YES;
				IPHONEOS_DEPLOYMENT_TARGET = 12.2;
				MTL_ENABLE_DEBUG_INFO = NO;
				MTL_FAST_MATH = YES;
				SDKROOT = iphoneos;
				SWIFT_COMPILATION_MODE = wholemodule;
				SWIFT_OPTIMIZATION_LEVEL = "-O";
				VALIDATE_PRODUCT = YES;
			};
			name = Release;
		};
		DA72943422739C2D00D74669 /* Debug */ = {
			isa = XCBuildConfiguration;
			buildSettings = {
				ASSETCATALOG_COMPILER_APPICON_NAME = AppIcon;
				CODE_SIGN_STYLE = Automatic;
				INFOPLIST_FILE = MVVMStudy/Info.plist;
				LD_RUNPATH_SEARCH_PATHS = (
					"$(inherited)",
					"@executable_path/Frameworks",
				);
				PRODUCT_BUNDLE_IDENTIFIER = academy.IFCE.MVVMStudy;
				PRODUCT_NAME = "$(TARGET_NAME)";
				SWIFT_VERSION = 5.0;
				TARGETED_DEVICE_FAMILY = "1,2";
			};
			name = Debug;
		};
		DA72943522739C2D00D74669 /* Release */ = {
			isa = XCBuildConfiguration;
			buildSettings = {
				ASSETCATALOG_COMPILER_APPICON_NAME = AppIcon;
				CODE_SIGN_STYLE = Automatic;
				INFOPLIST_FILE = MVVMStudy/Info.plist;
				LD_RUNPATH_SEARCH_PATHS = (
					"$(inherited)",
					"@executable_path/Frameworks",
				);
				PRODUCT_BUNDLE_IDENTIFIER = academy.IFCE.MVVMStudy;
				PRODUCT_NAME = "$(TARGET_NAME)";
				SWIFT_VERSION = 5.0;
				TARGETED_DEVICE_FAMILY = "1,2";
			};
			name = Release;
		};
		DA72943722739C2D00D74669 /* Debug */ = {
			isa = XCBuildConfiguration;
			buildSettings = {
				ALWAYS_EMBED_SWIFT_STANDARD_LIBRARIES = YES;
				BUNDLE_LOADER = "$(TEST_HOST)";
				CODE_SIGN_STYLE = Automatic;
				INFOPLIST_FILE = MVVMStudyTests/Info.plist;
				LD_RUNPATH_SEARCH_PATHS = (
					"$(inherited)",
					"@executable_path/Frameworks",
					"@loader_path/Frameworks",
				);
				PRODUCT_BUNDLE_IDENTIFIER = academy.IFCE.MVVMStudyTests;
				PRODUCT_NAME = "$(TARGET_NAME)";
				SWIFT_VERSION = 5.0;
				TARGETED_DEVICE_FAMILY = "1,2";
				TEST_HOST = "$(BUILT_PRODUCTS_DIR)/MVVMStudy.app/MVVMStudy";
			};
			name = Debug;
		};
		DA72943822739C2D00D74669 /* Release */ = {
			isa = XCBuildConfiguration;
			buildSettings = {
				ALWAYS_EMBED_SWIFT_STANDARD_LIBRARIES = YES;
				BUNDLE_LOADER = "$(TEST_HOST)";
				CODE_SIGN_STYLE = Automatic;
				INFOPLIST_FILE = MVVMStudyTests/Info.plist;
				LD_RUNPATH_SEARCH_PATHS = (
					"$(inherited)",
					"@executable_path/Frameworks",
					"@loader_path/Frameworks",
				);
				PRODUCT_BUNDLE_IDENTIFIER = academy.IFCE.MVVMStudyTests;
				PRODUCT_NAME = "$(TARGET_NAME)";
				SWIFT_VERSION = 5.0;
				TARGETED_DEVICE_FAMILY = "1,2";
				TEST_HOST = "$(BUILT_PRODUCTS_DIR)/MVVMStudy.app/MVVMStudy";
			};
			name = Release;
		};
/* End XCBuildConfiguration section */

/* Begin XCConfigurationList section */
		DA72941122739C2B00D74669 /* Build configuration list for PBXProject "MVVMStudy" */ = {
			isa = XCConfigurationList;
			buildConfigurations = (
				DA72943122739C2D00D74669 /* Debug */,
				DA72943222739C2D00D74669 /* Release */,
			);
			defaultConfigurationIsVisible = 0;
			defaultConfigurationName = Release;
		};
		DA72943322739C2D00D74669 /* Build configuration list for PBXNativeTarget "MVVMStudy" */ = {
			isa = XCConfigurationList;
			buildConfigurations = (
				DA72943422739C2D00D74669 /* Debug */,
				DA72943522739C2D00D74669 /* Release */,
			);
			defaultConfigurationIsVisible = 0;
			defaultConfigurationName = Release;
		};
		DA72943622739C2D00D74669 /* Build configuration list for PBXNativeTarget "MVVMStudyTests" */ = {
			isa = XCConfigurationList;
			buildConfigurations = (
				DA72943722739C2D00D74669 /* Debug */,
				DA72943822739C2D00D74669 /* Release */,
			);
			defaultConfigurationIsVisible = 0;
			defaultConfigurationName = Release;
		};
/* End XCConfigurationList section */
	};
	rootObject = DA72940E22739C2B00D74669 /* Project object */;
}
